{
  "name": "@alumis/observables-dom",
  "version": "1.0.73",
  "lockfileVersion": 1,
  "requires": true,
  "dependencies": {
    "@alumis/observables": {
      "version": "1.0.52",
      "resolved": "https://registry.npmjs.org/@alumis/observables/-/observables-1.0.52.tgz",
      "integrity": "sha512-0EBPRbfDtjVnLVfc0EUxv/kXZ3JFV2A4YOIVRpTlqElLDA5d5PpDy9Duvs83dFO6Ab3OBrrYhfN3lx8/z4R2DQ==",
      "dev": true
    },
    "@alumis/transitionasync": {
      "version": "1.0.7",
      "resolved": "https://registry.npmjs.org/@alumis/transitionasync/-/transitionasync-1.0.7.tgz",
      "integrity": "sha512-Bbn0cEYNUeDu//01VY0wbhHRBLGxuRPbebEAHXK8+wpWUVn3hJ2jPkcTIl6fVhEfR0u0RuI3KTtC9klKhmzwww==",
      "dev": true
    },
    "@alumis/utils": {
      "version": "1.0.15",
      "resolved": "https://registry.npmjs.org/@alumis/utils/-/utils-1.0.15.tgz",
      "integrity": "sha512-RTgHXk5px1gKlRrsxSrp87t2M6qQFoKWi4i27lyHkluRqOBjaMZI53VVIOhZIJlabaaBrYzuboLRpLqMxlAndA==",
      "dev": true
    }
  }
}
