{
  "name": "@alumis/observables-dom",
  "version": "1.0.51",
  "lockfileVersion": 1,
  "requires": true,
  "dependencies": {
    "@alumis/cancellationtoken": {
      "version": "1.0.4",
      "resolved": "https://registry.npmjs.org/@alumis/cancellationtoken/-/cancellationtoken-1.0.4.tgz",
      "integrity": "sha512-u0rph0BYlQ7ByP7c4K44oNQZZTPOtWz218j0LqucutFwqw5Xz3I4nawKU6j+fiB1imDORPrGhVeP/dqzyljbWw==",
      "dev": true
    },
    "@alumis/observables": {
      "version": "1.0.46",
      "resolved": "https://registry.npmjs.org/@alumis/observables/-/observables-1.0.46.tgz",
      "integrity": "sha512-6Hr3CMPRaRfwidSaaJ3SC9v5NFWKphTKP7dv6keGZ6JYay8ATRrkrigs4W8V+cYBXC5M5Sx21xNrRykRm3Z4Bw==",
      "dev": true
    },
    "@alumis/semaphore": {
      "version": "1.0.1",
      "resolved": "https://registry.npmjs.org/@alumis/semaphore/-/semaphore-1.0.1.tgz",
      "integrity": "sha512-BvdLAuVZaXGDy7ltdVlBol2YExRr5g22MGGt4nAEIKfMAJFr/HdLzsIbafoz6UZkjDlDRJjKJnntJSj9FcOFZw==",
      "dev": true
    },
    "@alumis/transitionasync": {
      "version": "1.0.2",
      "resolved": "https://registry.npmjs.org/@alumis/transitionasync/-/transitionasync-1.0.2.tgz",
      "integrity": "sha512-Fi4W6PaaGNOf0xOyRsUh6UZXCetOmLjQ5iSer8M/yK5njhB5hISI+5pHvKZCpS1pZBxWw2N7gvDqmNt68VBj1g==",
      "dev": true
    }
  }
}
